
Microsoft Visual Studio Solution File, Format Version 12.00
# Visual Studio Version 17
VisualStudioVersion = 17.10.35013.160
MinimumVisualStudioVersion = 10.0.40219.1
Project("{FAE04EC0-301F-11D3-BF4B-00C04F79EFBC}") = "QueensProblem", "QueensProblem\QueensProblem.csproj", "{638784DF-70B5-489D-846C-241518CE83BD}"
EndProject
Global
	GlobalSection(SolutionConfigurationPlatforms) = preSolution
		Debug|Any CPU = Debug|Any CPU
		Release|Any CPU = Release|Any CPU
	EndGlobalSection
	GlobalSection(ProjectConfigurationPlatforms) = postSolution
		{638784DF-70B5-489D-846C-241518CE83BD}.Debug|Any CPU.ActiveCfg = Debug|Any CPU
		{638784DF-70B5-489D-846C-241518CE83BD}.Debug|Any CPU.Build.0 = Debug|Any CPU
		{638784DF-70B5-489D-846C-241518CE83BD}.Release|Any CPU.ActiveCfg = Release|Any CPU
		{638784DF-70B5-489D-846C-241518CE83BD}.Release|Any CPU.Build.0 = Release|Any CPU
	EndGlobalSection
	GlobalSection(SolutionProperties) = preSolution
		HideSolutionNode = FALSE
	EndGlobalSection
	GlobalSection(ExtensibilityGlobals) = postSolution
		SolutionGuid = {154B3926-FFC8-404F-86C9-4139C13B889E}
	EndGlobalSection
EndGlobal
